
Microsoft Visual Studio Solution File, Format Version 12.00
# Visual Studio Version 16
VisualStudioVersion = 16.0.31624.102
MinimumVisualStudioVersion = 10.0.40219.1
Project("{FAE04EC0-301F-11D3-BF4B-00C04F79EFBC}") = "Asp.NetCoreData", "Asp.NetCoreData\Asp.NetCoreData.csproj", "{F13F8CB8-7585-4F83-BC46-A9DE71C60EA4}"
EndProject
Global
	GlobalSection(SolutionConfigurationPlatforms) = preSolution
		Debug|Any CPU = Debug|Any CPU
		Release|Any CPU = Release|Any CPU
	EndGlobalSection
	GlobalSection(ProjectConfigurationPlatforms) = postSolution
		{F13F8CB8-7585-4F83-BC46-A9DE71C60EA4}.Debug|Any CPU.ActiveCfg = Debug|Any CPU
		{F13F8CB8-7585-4F83-BC46-A9DE71C60EA4}.Debug|Any CPU.Build.0 = Debug|Any CPU
		{F13F8CB8-7585-4F83-BC46-A9DE71C60EA4}.Release|Any CPU.ActiveCfg = Release|Any CPU
		{F13F8CB8-7585-4F83-BC46-A9DE71C60EA4}.Release|Any CPU.Build.0 = Release|Any CPU
	EndGlobalSection
	GlobalSection(SolutionProperties) = preSolution
		HideSolutionNode = FALSE
	EndGlobalSection
	GlobalSection(ExtensibilityGlobals) = postSolution
		SolutionGuid = {24B98CEE-7A46-4833-8C06-3E3F2A2DCBA9}
	EndGlobalSection
EndGlobal
